// !$*UTF8*$!
{
	archiveVersion = 1;
	classes = {
	};
	objectVersion = 46;
	objects = {

/* Begin PBXBuildFile section */
		5006A58B160900E200151551 /* gestureLocationShare.png in Resources */ = {isa = PBXBuildFile; fileRef = 5006A589160900E200151551 /* gestureLocationShare.png */; };
		5006A58C160900E200151551 /* gestureQRCodeShare.png in Resources */ = {isa = PBXBuildFile; fileRef = 5006A58A160900E200151551 /* gestureQRCodeShare.png */; };
		503C89A4160D892500178369 /* side_message_light.png in Resources */ = {isa = PBXBuildFile; fileRef = 503C89A3160D892500178369 /* side_message_light.png */; };
		508326381607185500140AA9 /* user01.jpg in Resources */ = {isa = PBXBuildFile; fileRef = 5083262E1607185500140AA9 /* user01.jpg */; };
		508326391607185500140AA9 /* user02.jpg in Resources */ = {isa = PBXBuildFile; fileRef = 5083262F1607185500140AA9 /* user02.jpg */; };
		5083263A1607185500140AA9 /* user03.jpg in Resources */ = {isa = PBXBuildFile; fileRef = 508326301607185500140AA9 /* user03.jpg */; };
		5083263B1607185500140AA9 /* user04.jpg in Resources */ = {isa = PBXBuildFile; fileRef = 508326311607185500140AA9 /* user04.jpg */; };
		5083263C1607185500140AA9 /* user05.jpg in Resources */ = {isa = PBXBuildFile; fileRef = 508326321607185500140AA9 /* user05.jpg */; };
		5083263D1607185500140AA9 /* user06.jpg in Resources */ = {isa = PBXBuildFile; fileRef = 508326331607185500140AA9 /* user06.jpg */; };
		5083263E1607185500140AA9 /* user07.jpg in Resources */ = {isa = PBXBuildFile; fileRef = 508326341607185500140AA9 /* user07.jpg */; };
		5083263F1607185500140AA9 /* user08.jpg in Resources */ = {isa = PBXBuildFile; fileRef = 508326351607185500140AA9 /* user08.jpg */; };
		508326401607185500140AA9 /* user09.jpg in Resources */ = {isa = PBXBuildFile; fileRef = 508326361607185500140AA9 /* user09.jpg */; };
		508326411607185500140AA9 /* user10.jpg in Resources */ = {isa = PBXBuildFile; fileRef = 508326371607185500140AA9 /* user10.jpg */; };
		5083264316073DC500140AA9 /* menu_file_queue_1.png in Resources */ = {isa = PBXBuildFile; fileRef = 5083264216073DC500140AA9 /* menu_file_queue_1.png */; };
		509C0A18160CEE6B00FDE603 /* ChatBoardView.m in Sources */ = {isa = PBXBuildFile; fileRef = 509C0A17160CEE6B00FDE603 /* ChatBoardView.m */; };
		50B54AFE160CFA2F00281350 /* chat board_act3-1.png in Resources */ = {isa = PBXBuildFile; fileRef = 50B54AF6160CFA2F00281350 /* chat board_act3-1.png */; };
		50B54AFF160CFA2F00281350 /* chat board_act3-2.png in Resources */ = {isa = PBXBuildFile; fileRef = 50B54AF7160CFA2F00281350 /* chat board_act3-2.png */; };
		50B54B00160CFA2F00281350 /* chat board_act4-1.png in Resources */ = {isa = PBXBuildFile; fileRef = 50B54AF8160CFA2F00281350 /* chat board_act4-1.png */; };
		50B54B01160CFA2F00281350 /* chat board_act4-2.png in Resources */ = {isa = PBXBuildFile; fileRef = 50B54AF9160CFA2F00281350 /* chat board_act4-2.png */; };
		50B54B02160CFA2F00281350 /* chat board_act4-3.png in Resources */ = {isa = PBXBuildFile; fileRef = 50B54AFA160CFA2F00281350 /* chat board_act4-3.png */; };
		50B54B03160CFA2F00281350 /* chat board_act5-1.png in Resources */ = {isa = PBXBuildFile; fileRef = 50B54AFB160CFA2F00281350 /* chat board_act5-1.png */; };
		50B54B04160CFA2F00281350 /* chat board_act5-2.png in Resources */ = {isa = PBXBuildFile; fileRef = 50B54AFC160CFA2F00281350 /* chat board_act5-2.png */; };
		50B54B05160CFA2F00281350 /* chat board_act5-3.png in Resources */ = {isa = PBXBuildFile; fileRef = 50B54AFD160CFA2F00281350 /* chat board_act5-3.png */; };
		50B54B09160D1B6B00281350 /* AvatarMenuViewController.m in Sources */ = {isa = PBXBuildFile; fileRef = 50B54B08160D1B6B00281350 /* AvatarMenuViewController.m */; };
		6603889715FC50E7007EE91B /* UIKit.framework in Frameworks */ = {isa = PBXBuildFile; fileRef = 6603889615FC50E7007EE91B /* UIKit.framework */; };
		6603889915FC50E7007EE91B /* Foundation.framework in Frameworks */ = {isa = PBXBuildFile; fileRef = 6603889815FC50E7007EE91B /* Foundation.framework */; };
		6603889B15FC50E7007EE91B /* CoreGraphics.framework in Frameworks */ = {isa = PBXBuildFile; fileRef = 6603889A15FC50E7007EE91B /* CoreGraphics.framework */; };
		660388A115FC50E7007EE91B /* InfoPlist.strings in Resources */ = {isa = PBXBuildFile; fileRef = 6603889F15FC50E7007EE91B /* InfoPlist.strings */; };
		660388A315FC50E7007EE91B /* main.m in Sources */ = {isa = PBXBuildFile; fileRef = 660388A215FC50E7007EE91B /* main.m */; };
		660388A715FC50E7007EE91B /* SKAppDelegate.m in Sources */ = {isa = PBXBuildFile; fileRef = 660388A615FC50E7007EE91B /* SKAppDelegate.m */; };
		660388AA15FC50E7007EE91B /* MainStoryboard.storyboard in Resources */ = {isa = PBXBuildFile; fileRef = 660388A815FC50E7007EE91B /* MainStoryboard.storyboard */; };
		660388AD15FC50E7007EE91B /* SKViewController.m in Sources */ = {isa = PBXBuildFile; fileRef = 660388AC15FC50E7007EE91B /* SKViewController.m */; };
		660388B515FC5118007EE91B /* PullableView.m in Sources */ = {isa = PBXBuildFile; fileRef = 660388B415FC5118007EE91B /* PullableView.m */; };
		660388BC15FC5715007EE91B /* StyledPullableView.m in Sources */ = {isa = PBXBuildFile; fileRef = 660388BB15FC5715007EE91B /* StyledPullableView.m */; };
		660D964515FC75CF00721B31 /* NGTabBar.m in Sources */ = {isa = PBXBuildFile; fileRef = 660D963815FC75CF00721B31 /* NGTabBar.m */; };
		660D964615FC75CF00721B31 /* NGTabBarController.m in Sources */ = {isa = PBXBuildFile; fileRef = 660D963A15FC75CF00721B31 /* NGTabBarController.m */; };
		660D964715FC75CF00721B31 /* NGTabBarItem.m in Sources */ = {isa = PBXBuildFile; fileRef = 660D963E15FC75CF00721B31 /* NGTabBarItem.m */; };
		660D964815FC75CF00721B31 /* UINavigationController+NGTabBarNavigationDelegate.m in Sources */ = {isa = PBXBuildFile; fileRef = 660D964215FC75CF00721B31 /* UINavigationController+NGTabBarNavigationDelegate.m */; };
		660D964915FC75CF00721B31 /* UIViewController+NGTabBarItem.m in Sources */ = {isa = PBXBuildFile; fileRef = 660D964415FC75CF00721B31 /* UIViewController+NGTabBarItem.m */; };
		660D965215FC76DE00721B31 /* Comments.png in Resources */ = {isa = PBXBuildFile; fileRef = 660D964D15FC76DE00721B31 /* Comments.png */; };
		660D965315FC76DE00721B31 /* Comments@2x.png in Resources */ = {isa = PBXBuildFile; fileRef = 660D964E15FC76DE00721B31 /* Comments@2x.png */; };
		660D965415FC76DE00721B31 /* CommentsSelected.png in Resources */ = {isa = PBXBuildFile; fileRef = 660D965015FC76DE00721B31 /* CommentsSelected.png */; };
		660D965515FC76DE00721B31 /* CommentsSelected@2x.png in Resources */ = {isa = PBXBuildFile; fileRef = 660D965115FC76DE00721B31 /* CommentsSelected@2x.png */; };
		660D965C15FD90FE00721B31 /* Email.png in Resources */ = {isa = PBXBuildFile; fileRef = 660D965715FD90FE00721B31 /* Email.png */; };
		660D965D15FD90FE00721B31 /* Email@2x.png in Resources */ = {isa = PBXBuildFile; fileRef = 660D965815FD90FE00721B31 /* Email@2x.png */; };
		660D965E15FD90FE00721B31 /* EmailSelected.png in Resources */ = {isa = PBXBuildFile; fileRef = 660D965A15FD90FE00721B31 /* EmailSelected.png */; };
		660D965F15FD90FE00721B31 /* EmailSelected@2x.png in Resources */ = {isa = PBXBuildFile; fileRef = 660D965B15FD90FE00721B31 /* EmailSelected@2x.png */; };
		662E62411633E5C300F3F8E9 /* UIImage+SKScalableUImage.m in Sources */ = {isa = PBXBuildFile; fileRef = 662E62401633E5C300F3F8E9 /* UIImage+SKScalableUImage.m */; };
		662E62441633F54900F3F8E9 /* UIImage+fixOrientation.m in Sources */ = {isa = PBXBuildFile; fileRef = 662E62431633F54900F3F8E9 /* UIImage+fixOrientation.m */; };
		662E624C1633FD6F00F3F8E9 /* UIImage+Alpha.m in Sources */ = {isa = PBXBuildFile; fileRef = 662E62471633FD6F00F3F8E9 /* UIImage+Alpha.m */; };
		662E624D1633FD6F00F3F8E9 /* UIImage+Resize.m in Sources */ = {isa = PBXBuildFile; fileRef = 662E62491633FD6F00F3F8E9 /* UIImage+Resize.m */; };
		662E624E1633FD6F00F3F8E9 /* UIImage+RoundedCorner.m in Sources */ = {isa = PBXBuildFile; fileRef = 662E624B1633FD6F00F3F8E9 /* UIImage+RoundedCorner.m */; };
		664173AD160DC7EA008998DE /* FileQ_content_2_act3.png in Resources */ = {isa = PBXBuildFile; fileRef = 664173A9160DC7EA008998DE /* FileQ_content_2_act3.png */; };
		664173AE160DC7EA008998DE /* FileQ_content_2_act6.png in Resources */ = {isa = PBXBuildFile; fileRef = 664173AA160DC7EA008998DE /* FileQ_content_2_act6.png */; };
		664173AF160DC7EA008998DE /* FileQ_content_2_act7.png in Resources */ = {isa = PBXBuildFile; fileRef = 664173AB160DC7EA008998DE /* FileQ_content_2_act7.png */; };
		664173B0160DC7EA008998DE /* FileQ_content_2_act9.png in Resources */ = {isa = PBXBuildFile; fileRef = 664173AC160DC7EA008998DE /* FileQ_content_2_act9.png */; };
		66476EF21632A64900113797 /* libGMGridView.a in Frameworks */ = {isa = PBXBuildFile; fileRef = 66AAC7C01604648400EFAB3E /* libGMGridView.a */; };
		66476F0C1632B9C100113797 /* file_toolbar_.png in Resources */ = {isa = PBXBuildFile; fileRef = 66476F0B1632B9C100113797 /* file_toolbar_.png */; };
		66476F0F1632BBBB00113797 /* RNExpandingButtonBar.m in Sources */ = {isa = PBXBuildFile; fileRef = 66476F0E1632BBBB00113797 /* RNExpandingButtonBar.m */; };
		66476F121633A56C00113797 /* Metro-Photo-Blue.png in Resources */ = {isa = PBXBuildFile; fileRef = 66476F101633A56C00113797 /* Metro-Photo-Blue.png */; };
		66476F131633A56C00113797 /* Metro-Photo-Blue@2x.png in Resources */ = {isa = PBXBuildFile; fileRef = 66476F111633A56C00113797 /* Metro-Photo-Blue@2x.png */; };
		664DA145160D78FA00CC507D /* MKV.png in Resources */ = {isa = PBXBuildFile; fileRef = 664DA144160D78FA00CC507D /* MKV.png */; };
		664DA147160D79E300CC507D /* MPG.png in Resources */ = {isa = PBXBuildFile; fileRef = 664DA146160D79E300CC507D /* MPG.png */; };
		664DA153160D86A000CC507D /* FriendRequestViewController.m in Sources */ = {isa = PBXBuildFile; fileRef = 664DA152160D86A000CC507D /* FriendRequestViewController.m */; };
		664DA167160D8C4C00CC507D /* app icon_144-02-02.png in Resources */ = {isa = PBXBuildFile; fileRef = 664DA166160D8C4C00CC507D /* app icon_144-02-02.png */; };
		664DA169160D8C5800CC507D /* app icon_144-02-02.png in Resources */ = {isa = PBXBuildFile; fileRef = 664DA168160D8C5800CC507D /* app icon_144-02-02.png */; };
		667EF9C1160B4901003CA809 /* MJPopupBackgroundView.m in Sources */ = {isa = PBXBuildFile; fileRef = 667EF9BE160B4901003CA809 /* MJPopupBackgroundView.m */; };
		667EF9C2160B4901003CA809 /* UIViewController+MJPopupViewController.m in Sources */ = {isa = PBXBuildFile; fileRef = 667EF9C0160B4901003CA809 /* UIViewController+MJPopupViewController.m */; };
		667EF9C6160B4E42003CA809 /* green-ok-icon.png in Resources */ = {isa = PBXBuildFile; fileRef = 667EF9C4160B4E42003CA809 /* green-ok-icon.png */; };
		667EF9C7160B4E42003CA809 /* red-cross-icon.png in Resources */ = {isa = PBXBuildFile; fileRef = 667EF9C5160B4E42003CA809 /* red-cross-icon.png */; };
		667EF9CA160B57D9003CA809 /* QuestionSendViewController.m in Sources */ = {isa = PBXBuildFile; fileRef = 667EF9C9160B57D9003CA809 /* QuestionSendViewController.m */; };
		66A3F9DC160361EA002CF22B /* QuartzCore.framework in Frameworks */ = {isa = PBXBuildFile; fileRef = 66A3F9DB160361EA002CF22B /* QuartzCore.framework */; };
		66A3F9DE1603633A002CF22B /* Document.png in Resources */ = {isa = PBXBuildFile; fileRef = 66A3F9DD1603633A002CF22B /* Document.png */; };
		66A434441605C7C1009A97C5 /* desco_bg.png in Resources */ = {isa = PBXBuildFile; fileRef = 66A4343F1605C7C1009A97C5 /* desco_bg.png */; };
		66A434451605C7C1009A97C5 /* side_file_queue.png in Resources */ = {isa = PBXBuildFile; fileRef = 66A434401605C7C1009A97C5 /* side_file_queue.png */; };
		66A434461605C7C1009A97C5 /* side_message.png in Resources */ = {isa = PBXBuildFile; fileRef = 66A434411605C7C1009A97C5 /* side_message.png */; };
		66A434471605C7C1009A97C5 /* side_settings.png in Resources */ = {isa = PBXBuildFile; fileRef = 66A434421605C7C1009A97C5 /* side_settings.png */; };
		66A4345F1605C7DD009A97C5 /* FileQueueViewController.m in Sources */ = {isa = PBXBuildFile; fileRef = 66A434591605C7DD009A97C5 /* FileQueueViewController.m */; };
		66A434651605C81A009A97C5 /* GeometryUtilities.m in Sources */ = {isa = PBXBuildFile; fileRef = 66A434621605C81A009A97C5 /* GeometryUtilities.m */; };
		66A434661605C81A009A97C5 /* TouchTracker.m in Sources */ = {isa = PBXBuildFile; fileRef = 66A434641605C81A009A97C5 /* TouchTracker.m */; };
		66AAC7C31604683500EFAB3E /* SKStuffViewController.m in Sources */ = {isa = PBXBuildFile; fileRef = 66AAC7C21604683500EFAB3E /* SKStuffViewController.m */; };
		66B6ECA8160C991800B81D55 /* MapKit.framework in Frameworks */ = {isa = PBXBuildFile; fileRef = 66B6ECA7160C991800B81D55 /* MapKit.framework */; };
		66B6ECAB160C9F6B00B81D55 /* LocationShareViewController.m in Sources */ = {isa = PBXBuildFile; fileRef = 66B6ECAA160C9F6B00B81D55 /* LocationShareViewController.m */; };
		66B6ECBF160CB86B00B81D55 /* bitstream.c in Sources */ = {isa = PBXBuildFile; fileRef = 66B6ECB1160CB86B00B81D55 /* bitstream.c */; };
		66B6ECC0160CB86B00B81D55 /* mask.c in Sources */ = {isa = PBXBuildFile; fileRef = 66B6ECB3160CB86B00B81D55 /* mask.c */; };
		66B6ECC1160CB86B00B81D55 /* qrencode.c in Sources */ = {isa = PBXBuildFile; fileRef = 66B6ECB5160CB86B00B81D55 /* qrencode.c */; };
		66B6ECC2160CB86B00B81D55 /* qrinput.c in Sources */ = {isa = PBXBuildFile; fileRef = 66B6ECB7160CB86B00B81D55 /* qrinput.c */; };
		66B6ECC3160CB86B00B81D55 /* qrspec.c in Sources */ = {isa = PBXBuildFile; fileRef = 66B6ECB9160CB86B00B81D55 /* qrspec.c */; };
		66B6ECC4160CB86B00B81D55 /* rscode.c in Sources */ = {isa = PBXBuildFile; fileRef = 66B6ECBB160CB86B00B81D55 /* rscode.c */; };
		66B6ECC5160CB86B00B81D55 /* split.c in Sources */ = {isa = PBXBuildFile; fileRef = 66B6ECBD160CB86B00B81D55 /* split.c */; };
		66B6ECC8160CB87500B81D55 /* QRCodeGenerator.m in Sources */ = {isa = PBXBuildFile; fileRef = 66B6ECC7160CB87500B81D55 /* QRCodeGenerator.m */; };
		66B6ECCB160CBC4500B81D55 /* QrCodeShareViewController.m in Sources */ = {isa = PBXBuildFile; fileRef = 66B6ECCA160CBC4500B81D55 /* QrCodeShareViewController.m */; };
		66B6ECCD160CC11300B81D55 /* SearchLocation-01.png in Resources */ = {isa = PBXBuildFile; fileRef = 66B6ECCC160CC11300B81D55 /* SearchLocation-01.png */; };
		66B6ECD0160CC2B800B81D55 /* LocationSearchViewController.m in Sources */ = {isa = PBXBuildFile; fileRef = 66B6ECCF160CC2B800B81D55 /* LocationSearchViewController.m */; };
		66B6ECD3160CC76800B81D55 /* LocationSearchFilePin.m in Sources */ = {isa = PBXBuildFile; fileRef = 66B6ECD2160CC76800B81D55 /* LocationSearchFilePin.m */; };
		66B6ECD5160CD37600B81D55 /* app icon.png in Resources */ = {isa = PBXBuildFile; fileRef = 66B6ECD4160CD37600B81D55 /* app icon.png */; };
		66B6ECD7160CD39300B81D55 /* app icon.png in Resources */ = {isa = PBXBuildFile; fileRef = 66B6ECD6160CD39300B81D55 /* app icon.png */; };
		66B6ECDB160D731E00B81D55 /* Jpg.png in Resources */ = {isa = PBXBuildFile; fileRef = 66B6ECD8160D731E00B81D55 /* Jpg.png */; };
		66B6ECDC160D731E00B81D55 /* Reader.png in Resources */ = {isa = PBXBuildFile; fileRef = 66B6ECD9160D731E00B81D55 /* Reader.png */; };
		66B6ECDD160D731E00B81D55 /* Word.png in Resources */ = {isa = PBXBuildFile; fileRef = 66B6ECDA160D731E00B81D55 /* Word.png */; };
		66EC6B0C16246008005306FC /* FileQueueCellView.xib in Resources */ = {isa = PBXBuildFile; fileRef = 66EC6B0B16246008005306FC /* FileQueueCellView.xib */; };
		66EC6B1216255A46005306FC /* FileQueueTableView.xib in Resources */ = {isa = PBXBuildFile; fileRef = 66EC6B1116255A46005306FC /* FileQueueTableView.xib */; };
		66EC997416047DF400572EAE /* mybarbar.png in Resources */ = {isa = PBXBuildFile; fileRef = 66EC997316047DF400572EAE /* mybarbar.png */; };
		66EC997A16047F1E00572EAE /* mybarbarbk.png in Resources */ = {isa = PBXBuildFile; fileRef = 66EC997916047F1E00572EAE /* mybarbarbk.png */; };
		66EC997C1604806200572EAE /* Desco2.png in Resources */ = {isa = PBXBuildFile; fileRef = 66EC997B1604806200572EAE /* Desco2.png */; };
		66EC998216049B1A00572EAE /* desco_bg.jpg in Resources */ = {isa = PBXBuildFile; fileRef = 66EC998116049B1A00572EAE /* desco_bg.jpg */; };
		66EC99881604A5FD00572EAE /* mybarbarupbk.png in Resources */ = {isa = PBXBuildFile; fileRef = 66EC99871604A5FD00572EAE /* mybarbarupbk.png */; };
		66EC998B1604A64800572EAE /* UpperStyledPullableView.m in Sources */ = {isa = PBXBuildFile; fileRef = 66EC998A1604A64800572EAE /* UpperStyledPullableView.m */; };
		66EC998E1604B82B00572EAE /* Briefcase.png in Resources */ = {isa = PBXBuildFile; fileRef = 66EC998C1604B82B00572EAE /* Briefcase.png */; };
		66EC998F1604B82B00572EAE /* Fevorite.png in Resources */ = {isa = PBXBuildFile; fileRef = 66EC998D1604B82B00572EAE /* Fevorite.png */; };
		66EC99911604C1A100572EAE /* pp.png in Resources */ = {isa = PBXBuildFile; fileRef = 66EC99901604C1A100572EAE /* pp.png */; };
		66EC99941604C60700572EAE /* SKUserListViewController.m in Sources */ = {isa = PBXBuildFile; fileRef = 66EC99931604C60700572EAE /* SKUserListViewController.m */; };
/* End PBXBuildFile section */

/* Begin PBXContainerItemProxy section */
		66476EF01632A64500113797 /* PBXContainerItemProxy */ = {
			isa = PBXContainerItemProxy;
			containerPortal = 66AAC7B81604648400EFAB3E /* GMGridView.xcodeproj */;
			proxyType = 1;
			remoteGlobalIDString = 78509311149FAC2E000787E4;
			remoteInfo = GMGridView;
		};
		66AAC7BF1604648400EFAB3E /* PBXContainerItemProxy */ = {
			isa = PBXContainerItemProxy;
			containerPortal = 66AAC7B81604648400EFAB3E /* GMGridView.xcodeproj */;
			proxyType = 2;
			remoteGlobalIDString = 78509312149FAC2E000787E4;
			remoteInfo = GMGridView;
		};
/* End PBXContainerItemProxy section */

/* Begin PBXFileReference section */
		5006A589160900E200151551 /* gestureLocationShare.png */ = {isa = PBXFileReference; lastKnownFileType = image.png; path = gestureLocationShare.png; sourceTree = "<group>"; };
		5006A58A160900E200151551 /* gestureQRCodeShare.png */ = {isa = PBXFileReference; lastKnownFileType = image.png; path = gestureQRCodeShare.png; sourceTree = "<group>"; };
		503C89A3160D892500178369 /* side_message_light.png */ = {isa = PBXFileReference; lastKnownFileType = image.png; path = side_message_light.png; sourceTree = "<group>"; };
		5083262E1607185500140AA9 /* user01.jpg */ = {isa = PBXFileReference; lastKnownFileType = image.jpeg; path = user01.jpg; sourceTree = "<group>"; };
		5083262F1607185500140AA9 /* user02.jpg */ = {isa = PBXFileReference; lastKnownFileType = image.jpeg; path = user02.jpg; sourceTree = "<group>"; };
		508326301607185500140AA9 /* user03.jpg */ = {isa = PBXFileReference; lastKnownFileType = image.jpeg; path = user03.jpg; sourceTree = "<group>"; };
		508326311607185500140AA9 /* user04.jpg */ = {isa = PBXFileReference; lastKnownFileType = image.jpeg; path = user04.jpg; sourceTree = "<group>"; };
		508326321607185500140AA9 /* user05.jpg */ = {isa = PBXFileReference; lastKnownFileType = image.jpeg; path = user05.jpg; sourceTree = "<group>"; };
		508326331607185500140AA9 /* user06.jpg */ = {isa = PBXFileReference; lastKnownFileType = image.jpeg; path = user06.jpg; sourceTree = "<group>"; };
		508326341607185500140AA9 /* user07.jpg */ = {isa = PBXFileReference; lastKnownFileType = image.jpeg; path = user07.jpg; sourceTree = "<group>"; };
		508326351607185500140AA9 /* user08.jpg */ = {isa = PBXFileReference; lastKnownFileType = image.jpeg; path = user08.jpg; sourceTree = "<group>"; };
		508326361607185500140AA9 /* user09.jpg */ = {isa = PBXFileReference; lastKnownFileType = image.jpeg; path = user09.jpg; sourceTree = "<group>"; };
		508326371607185500140AA9 /* user10.jpg */ = {isa = PBXFileReference; lastKnownFileType = image.jpeg; path = user10.jpg; sourceTree = "<group>"; };
		5083264216073DC500140AA9 /* menu_file_queue_1.png */ = {isa = PBXFileReference; lastKnownFileType = image.png; path = menu_file_queue_1.png; sourceTree = "<group>"; };
		509C0A16160CEE6B00FDE603 /* ChatBoardView.h */ = {isa = PBXFileReference; fileEncoding = 4; lastKnownFileType = sourcecode.c.h; path = ChatBoardView.h; sourceTree = "<group>"; };
		509C0A17160CEE6B00FDE603 /* ChatBoardView.m */ = {isa = PBXFileReference; fileEncoding = 4; lastKnownFileType = sourcecode.c.objc; path = ChatBoardView.m; sourceTree = "<group>"; };
		50B54AF6160CFA2F00281350 /* chat board_act3-1.png */ = {isa = PBXFileReference; lastKnownFileType = image.png; path = "chat board_act3-1.png"; sourceTree = "<group>"; };
		50B54AF7160CFA2F00281350 /* chat board_act3-2.png */ = {isa = PBXFileReference; lastKnownFileType = image.png; path = "chat board_act3-2.png"; sourceTree = "<group>"; };
		50B54AF8160CFA2F00281350 /* chat board_act4-1.png */ = {isa = PBXFileReference; lastKnownFileType = image.png; path = "chat board_act4-1.png"; sourceTree = "<group>"; };
		50B54AF9160CFA2F00281350 /* chat board_act4-2.png */ = {isa = PBXFileReference; lastKnownFileType = image.png; path = "chat board_act4-2.png"; sourceTree = "<group>"; };
		50B54AFA160CFA2F00281350 /* chat board_act4-3.png */ = {isa = PBXFileReference; lastKnownFileType = image.png; path = "chat board_act4-3.png"; sourceTree = "<group>"; };
		50B54AFB160CFA2F00281350 /* chat board_act5-1.png */ = {isa = PBXFileReference; lastKnownFileType = image.png; path = "chat board_act5-1.png"; sourceTree = "<group>"; };
		50B54AFC160CFA2F00281350 /* chat board_act5-2.png */ = {isa = PBXFileReference; lastKnownFileType = image.png; path = "chat board_act5-2.png"; sourceTree = "<group>"; };
		50B54AFD160CFA2F00281350 /* chat board_act5-3.png */ = {isa = PBXFileReference; lastKnownFileType = image.png; path = "chat board_act5-3.png"; sourceTree = "<group>"; };
		50B54B07160D1B6B00281350 /* AvatarMenuViewController.h */ = {isa = PBXFileReference; fileEncoding = 4; lastKnownFileType = sourcecode.c.h; name = AvatarMenuViewController.h; path = TopMenu/AvatarMenuViewController.h; sourceTree = "<group>"; };
		50B54B08160D1B6B00281350 /* AvatarMenuViewController.m */ = {isa = PBXFileReference; fileEncoding = 4; lastKnownFileType = sourcecode.c.objc; name = AvatarMenuViewController.m; path = TopMenu/AvatarMenuViewController.m; sourceTree = "<group>"; };
		6603889215FC50E7007EE91B /* Desco.app */ = {isa = PBXFileReference; explicitFileType = wrapper.application; includeInIndex = 0; path = Desco.app; sourceTree = BUILT_PRODUCTS_DIR; };
		6603889615FC50E7007EE91B /* UIKit.framework */ = {isa = PBXFileReference; lastKnownFileType = wrapper.framework; name = UIKit.framework; path = System/Library/Frameworks/UIKit.framework; sourceTree = SDKROOT; };
		6603889815FC50E7007EE91B /* Foundation.framework */ = {isa = PBXFileReference; lastKnownFileType = wrapper.framework; name = Foundation.framework; path = System/Library/Frameworks/Foundation.framework; sourceTree = SDKROOT; };
		6603889A15FC50E7007EE91B /* CoreGraphics.framework */ = {isa = PBXFileReference; lastKnownFileType = wrapper.framework; name = CoreGraphics.framework; path = System/Library/Frameworks/CoreGraphics.framework; sourceTree = SDKROOT; };
		6603889E15FC50E7007EE91B /* PullTest-Info.plist */ = {isa = PBXFileReference; lastKnownFileType = text.plist.xml; path = "PullTest-Info.plist"; sourceTree = "<group>"; };
		660388A015FC50E7007EE91B /* en */ = {isa = PBXFileReference; lastKnownFileType = text.plist.strings; name = en; path = en.lproj/InfoPlist.strings; sourceTree = "<group>"; };
		660388A215FC50E7007EE91B /* main.m */ = {isa = PBXFileReference; lastKnownFileType = sourcecode.c.objc; path = main.m; sourceTree = "<group>"; };
		660388A415FC50E7007EE91B /* PullTest-Prefix.pch */ = {isa = PBXFileReference; lastKnownFileType = sourcecode.c.h; path = "PullTest-Prefix.pch"; sourceTree = "<group>"; };
		660388A515FC50E7007EE91B /* SKAppDelegate.h */ = {isa = PBXFileReference; lastKnownFileType = sourcecode.c.h; path = SKAppDelegate.h; sourceTree = "<group>"; };
		660388A615FC50E7007EE91B /* SKAppDelegate.m */ = {isa = PBXFileReference; lastKnownFileType = sourcecode.c.objc; path = SKAppDelegate.m; sourceTree = "<group>"; };
		660388A915FC50E7007EE91B /* en */ = {isa = PBXFileReference; lastKnownFileType = file.storyboard; name = en; path = en.lproj/MainStoryboard.storyboard; sourceTree = "<group>"; };
		660388AB15FC50E7007EE91B /* SKViewController.h */ = {isa = PBXFileReference; lastKnownFileType = sourcecode.c.h; path = SKViewController.h; sourceTree = "<group>"; };
		660388AC15FC50E7007EE91B /* SKViewController.m */ = {isa = PBXFileReference; lastKnownFileType = sourcecode.c.objc; path = SKViewController.m; sourceTree = "<group>"; };
		660388B315FC5118007EE91B /* PullableView.h */ = {isa = PBXFileReference; fileEncoding = 4; lastKnownFileType = sourcecode.c.h; path = PullableView.h; sourceTree = "<group>"; };
		660388B415FC5118007EE91B /* PullableView.m */ = {isa = PBXFileReference; fileEncoding = 4; lastKnownFileType = sourcecode.c.objc; path = PullableView.m; sourceTree = "<group>"; };
		660388BA15FC5714007EE91B /* StyledPullableView.h */ = {isa = PBXFileReference; fileEncoding = 4; lastKnownFileType = sourcecode.c.h; path = StyledPullableView.h; sourceTree = "<group>"; };
		660388BB15FC5715007EE91B /* StyledPullableView.m */ = {isa = PBXFileReference; fileEncoding = 4; lastKnownFileType = sourcecode.c.objc; path = StyledPullableView.m; sourceTree = "<group>"; };
		660D963715FC75CF00721B31 /* NGTabBar.h */ = {isa = PBXFileReference; fileEncoding = 4; lastKnownFileType = sourcecode.c.h; path = NGTabBar.h; sourceTree = "<group>"; };
		660D963815FC75CF00721B31 /* NGTabBar.m */ = {isa = PBXFileReference; fileEncoding = 4; lastKnownFileType = sourcecode.c.objc; path = NGTabBar.m; sourceTree = "<group>"; };
		660D963915FC75CF00721B31 /* NGTabBarController.h */ = {isa = PBXFileReference; fileEncoding = 4; lastKnownFileType = sourcecode.c.h; path = NGTabBarController.h; sourceTree = "<group>"; };
		660D963A15FC75CF00721B31 /* NGTabBarController.m */ = {isa = PBXFileReference; fileEncoding = 4; lastKnownFileType = sourcecode.c.objc; path = NGTabBarController.m; sourceTree = "<group>"; };
		660D963B15FC75CF00721B31 /* NGTabBarControllerAnimation.h */ = {isa = PBXFileReference; fileEncoding = 4; lastKnownFileType = sourcecode.c.h; path = NGTabBarControllerAnimation.h; sourceTree = "<group>"; };
		660D963C15FC75CF00721B31 /* NGTabBarControllerDelegate.h */ = {isa = PBXFileReference; fileEncoding = 4; lastKnownFileType = sourcecode.c.h; path = NGTabBarControllerDelegate.h; sourceTree = "<group>"; };
		660D963D15FC75CF00721B31 /* NGTabBarItem.h */ = {isa = PBXFileReference; fileEncoding = 4; lastKnownFileType = sourcecode.c.h; path = NGTabBarItem.h; sourceTree = "<group>"; };
		660D963E15FC75CF00721B31 /* NGTabBarItem.m */ = {isa = PBXFileReference; fileEncoding = 4; lastKnownFileType = sourcecode.c.objc; path = NGTabBarItem.m; sourceTree = "<group>"; };
		660D963F15FC75CF00721B31 /* NGTabBarPosition.h */ = {isa = PBXFileReference; fileEncoding = 4; lastKnownFileType = sourcecode.c.h; path = NGTabBarPosition.h; sourceTree = "<group>"; };
		660D964015FC75CF00721B31 /* Prefix.pch */ = {isa = PBXFileReference; fileEncoding = 4; lastKnownFileType = sourcecode.c.h; path = Prefix.pch; sourceTree = "<group>"; };
		660D964115FC75CF00721B31 /* UINavigationController+NGTabBarNavigationDelegate.h */ = {isa = PBXFileReference; fileEncoding = 4; lastKnownFileType = sourcecode.c.h; path = "UINavigationController+NGTabBarNavigationDelegate.h"; sourceTree = "<group>"; };
		660D964215FC75CF00721B31 /* UINavigationController+NGTabBarNavigationDelegate.m */ = {isa = PBXFileReference; fileEncoding = 4; lastKnownFileType = sourcecode.c.objc; path = "UINavigationController+NGTabBarNavigationDelegate.m"; sourceTree = "<group>"; };
		660D964315FC75CF00721B31 /* UIViewController+NGTabBarItem.h */ = {isa = PBXFileReference; fileEncoding = 4; lastKnownFileType = sourcecode.c.h; path = "UIViewController+NGTabBarItem.h"; sourceTree = "<group>"; };
		660D964415FC75CF00721B31 /* UIViewController+NGTabBarItem.m */ = {isa = PBXFileReference; fileEncoding = 4; lastKnownFileType = sourcecode.c.objc; path = "UIViewController+NGTabBarItem.m"; sourceTree = "<group>"; };
		660D964D15FC76DE00721B31 /* Comments.png */ = {isa = PBXFileReference; lastKnownFileType = image.png; path = Comments.png; sourceTree = "<group>"; };
		660D964E15FC76DE00721B31 /* Comments@2x.png */ = {isa = PBXFileReference; lastKnownFileType = image.png; path = "Comments@2x.png"; sourceTree = "<group>"; };
		660D965015FC76DE00721B31 /* CommentsSelected.png */ = {isa = PBXFileReference; lastKnownFileType = image.png; path = CommentsSelected.png; sourceTree = "<group>"; };
		660D965115FC76DE00721B31 /* CommentsSelected@2x.png */ = {isa = PBXFileReference; lastKnownFileType = image.png; path = "CommentsSelected@2x.png"; sourceTree = "<group>"; };
		660D965715FD90FE00721B31 /* Email.png */ = {isa = PBXFileReference; lastKnownFileType = image.png; path = Email.png; sourceTree = "<group>"; };
		660D965815FD90FE00721B31 /* Email@2x.png */ = {isa = PBXFileReference; lastKnownFileType = image.png; path = "Email@2x.png"; sourceTree = "<group>"; };
		660D965A15FD90FE00721B31 /* EmailSelected.png */ = {isa = PBXFileReference; lastKnownFileType = image.png; path = EmailSelected.png; sourceTree = "<group>"; };
		660D965B15FD90FE00721B31 /* EmailSelected@2x.png */ = {isa = PBXFileReference; lastKnownFileType = image.png; path = "EmailSelected@2x.png"; sourceTree = "<group>"; };
		662E623F1633E5C300F3F8E9 /* UIImage+SKScalableUImage.h */ = {isa = PBXFileReference; fileEncoding = 4; lastKnownFileType = sourcecode.c.h; path = "UIImage+SKScalableUImage.h"; sourceTree = "<group>"; };
		662E62401633E5C300F3F8E9 /* UIImage+SKScalableUImage.m */ = {isa = PBXFileReference; fileEncoding = 4; lastKnownFileType = sourcecode.c.objc; path = "UIImage+SKScalableUImage.m"; sourceTree = "<group>"; };
		662E62421633F54900F3F8E9 /* UIImage+fixOrientation.h */ = {isa = PBXFileReference; fileEncoding = 4; lastKnownFileType = sourcecode.c.h; path = "UIImage+fixOrientation.h"; sourceTree = "<group>"; };
		662E62431633F54900F3F8E9 /* UIImage+fixOrientation.m */ = {isa = PBXFileReference; fileEncoding = 4; lastKnownFileType = sourcecode.c.objc; path = "UIImage+fixOrientation.m"; sourceTree = "<group>"; };
		662E62461633FD6F00F3F8E9 /* UIImage+Alpha.h */ = {isa = PBXFileReference; fileEncoding = 4; lastKnownFileType = sourcecode.c.h; path = "UIImage+Alpha.h"; sourceTree = "<group>"; };
		662E62471633FD6F00F3F8E9 /* UIImage+Alpha.m */ = {isa = PBXFileReference; fileEncoding = 4; lastKnownFileType = sourcecode.c.objc; path = "UIImage+Alpha.m"; sourceTree = "<group>"; };
		662E62481633FD6F00F3F8E9 /* UIImage+Resize.h */ = {isa = PBXFileReference; fileEncoding = 4; lastKnownFileType = sourcecode.c.h; path = "UIImage+Resize.h"; sourceTree = "<group>"; };
		662E62491633FD6F00F3F8E9 /* UIImage+Resize.m */ = {isa = PBXFileReference; fileEncoding = 4; lastKnownFileType = sourcecode.c.objc; path = "UIImage+Resize.m"; sourceTree = "<group>"; };
		662E624A1633FD6F00F3F8E9 /* UIImage+RoundedCorner.h */ = {isa = PBXFileReference; fileEncoding = 4; lastKnownFileType = sourcecode.c.h; path = "UIImage+RoundedCorner.h"; sourceTree = "<group>"; };
		662E624B1633FD6F00F3F8E9 /* UIImage+RoundedCorner.m */ = {isa = PBXFileReference; fileEncoding = 4; lastKnownFileType = sourcecode.c.objc; path = "UIImage+RoundedCorner.m"; sourceTree = "<group>"; };
		664173A9160DC7EA008998DE /* FileQ_content_2_act3.png */ = {isa = PBXFileReference; lastKnownFileType = image.png; path = FileQ_content_2_act3.png; sourceTree = "<group>"; };
		664173AA160DC7EA008998DE /* FileQ_content_2_act6.png */ = {isa = PBXFileReference; lastKnownFileType = image.png; path = FileQ_content_2_act6.png; sourceTree = "<group>"; };
		664173AB160DC7EA008998DE /* FileQ_content_2_act7.png */ = {isa = PBXFileReference; lastKnownFileType = image.png; path = FileQ_content_2_act7.png; sourceTree = "<group>"; };
		664173AC160DC7EA008998DE /* FileQ_content_2_act9.png */ = {isa = PBXFileReference; lastKnownFileType = image.png; path = FileQ_content_2_act9.png; sourceTree = "<group>"; };
		66476F0B1632B9C100113797 /* file_toolbar_.png */ = {isa = PBXFileReference; lastKnownFileType = image.png; path = file_toolbar_.png; sourceTree = "<group>"; };
		66476F0D1632BBBB00113797 /* RNExpandingButtonBar.h */ = {isa = PBXFileReference; fileEncoding = 4; lastKnownFileType = sourcecode.c.h; path = RNExpandingButtonBar.h; sourceTree = "<group>"; };
		66476F0E1632BBBB00113797 /* RNExpandingButtonBar.m */ = {isa = PBXFileReference; fileEncoding = 4; lastKnownFileType = sourcecode.c.objc; path = RNExpandingButtonBar.m; sourceTree = "<group>"; };
		66476F101633A56C00113797 /* Metro-Photo-Blue.png */ = {isa = PBXFileReference; lastKnownFileType = image.png; path = "Metro-Photo-Blue.png"; sourceTree = "<group>"; };
		66476F111633A56C00113797 /* Metro-Photo-Blue@2x.png */ = {isa = PBXFileReference; lastKnownFileType = image.png; path = "Metro-Photo-Blue@2x.png"; sourceTree = "<group>"; };
		664DA144160D78FA00CC507D /* MKV.png */ = {isa = PBXFileReference; lastKnownFileType = image.png; path = MKV.png; sourceTree = "<group>"; };
		664DA146160D79E300CC507D /* MPG.png */ = {isa = PBXFileReference; lastKnownFileType = image.png; path = MPG.png; sourceTree = "<group>"; };
		664DA151160D86A000CC507D /* FriendRequestViewController.h */ = {isa = PBXFileReference; fileEncoding = 4; lastKnownFileType = sourcecode.c.h; path = FriendRequestViewController.h; sourceTree = "<group>"; };
		664DA152160D86A000CC507D /* FriendRequestViewController.m */ = {isa = PBXFileReference; fileEncoding = 4; lastKnownFileType = sourcecode.c.objc; path = FriendRequestViewController.m; sourceTree = "<group>"; };
		664DA166160D8C4C00CC507D /* app icon_144-02-02.png */ = {isa = PBXFileReference; lastKnownFileType = image.png; path = "app icon_144-02-02.png"; sourceTree = "<group>"; };
		664DA168160D8C5800CC507D /* app icon_144-02-02.png */ = {isa = PBXFileReference; lastKnownFileType = image.png; name = "app icon_144-02-02.png"; path = "../../app icon_144-02-02.png"; sourceTree = "<group>"; };
		667EF9BD160B4901003CA809 /* MJPopupBackgroundView.h */ = {isa = PBXFileReference; fileEncoding = 4; lastKnownFileType = sourcecode.c.h; name = MJPopupBackgroundView.h; path = MJPopupViewController/MJPopupBackgroundView.h; sourceTree = "<group>"; };
		667EF9BE160B4901003CA809 /* MJPopupBackgroundView.m */ = {isa = PBXFileReference; fileEncoding = 4; lastKnownFileType = sourcecode.c.objc; name = MJPopupBackgroundView.m; path = MJPopupViewController/MJPopupBackgroundView.m; sourceTree = "<group>"; };
		667EF9BF160B4901003CA809 /* UIViewController+MJPopupViewController.h */ = {isa = PBXFileReference; fileEncoding = 4; lastKnownFileType = sourcecode.c.h; name = "UIViewController+MJPopupViewController.h"; path = "MJPopupViewController/UIViewController+MJPopupViewController.h"; sourceTree = "<group>"; };
		667EF9C0160B4901003CA809 /* UIViewController+MJPopupViewController.m */ = {isa = PBXFileReference; fileEncoding = 4; lastKnownFileType = sourcecode.c.objc; name = "UIViewController+MJPopupViewController.m"; path = "MJPopupViewController/UIViewController+MJPopupViewController.m"; sourceTree = "<group>"; };
		667EF9C4160B4E42003CA809 /* green-ok-icon.png */ = {isa = PBXFileReference; lastKnownFileType = image.png; path = "green-ok-icon.png"; sourceTree = "<group>"; };
		667EF9C5160B4E42003CA809 /* red-cross-icon.png */ = {isa = PBXFileReference; lastKnownFileType = image.png; path = "red-cross-icon.png"; sourceTree = "<group>"; };
		667EF9C8160B57D9003CA809 /* QuestionSendViewController.h */ = {isa = PBXFileReference; fileEncoding = 4; lastKnownFileType = sourcecode.c.h; path = QuestionSendViewController.h; sourceTree = "<group>"; };
		667EF9C9160B57D9003CA809 /* QuestionSendViewController.m */ = {isa = PBXFileReference; fileEncoding = 4; lastKnownFileType = sourcecode.c.objc; path = QuestionSendViewController.m; sourceTree = "<group>"; };
		66A3F9DB160361EA002CF22B /* QuartzCore.framework */ = {isa = PBXFileReference; lastKnownFileType = wrapper.framework; name = QuartzCore.framework; path = System/Library/Frameworks/QuartzCore.framework; sourceTree = SDKROOT; };
		66A3F9DD1603633A002CF22B /* Document.png */ = {isa = PBXFileReference; lastKnownFileType = image.png; path = Document.png; sourceTree = "<group>"; };
		66A4343F1605C7C1009A97C5 /* desco_bg.png */ = {isa = PBXFileReference; lastKnownFileType = image.png; path = desco_bg.png; sourceTree = "<group>"; };
		66A434401605C7C1009A97C5 /* side_file_queue.png */ = {isa = PBXFileReference; lastKnownFileType = image.png; path = side_file_queue.png; sourceTree = "<group>"; };
		66A434411605C7C1009A97C5 /* side_message.png */ = {isa = PBXFileReference; lastKnownFileType = image.png; path = side_message.png; sourceTree = "<group>"; };
		66A434421605C7C1009A97C5 /* side_settings.png */ = {isa = PBXFileReference; lastKnownFileType = image.png; path = side_settings.png; sourceTree = "<group>"; };
		66A434581605C7DD009A97C5 /* FileQueueViewController.h */ = {isa = PBXFileReference; fileEncoding = 4; lastKnownFileType = sourcecode.c.h; path = FileQueueViewController.h; sourceTree = "<group>"; };
		66A434591605C7DD009A97C5 /* FileQueueViewController.m */ = {isa = PBXFileReference; fileEncoding = 4; lastKnownFileType = sourcecode.c.objc; path = FileQueueViewController.m; sourceTree = "<group>"; };
		66A434611605C81A009A97C5 /* GeometryUtilities.h */ = {isa = PBXFileReference; fileEncoding = 4; lastKnownFileType = sourcecode.c.h; path = GeometryUtilities.h; sourceTree = "<group>"; };
		66A434621605C81A009A97C5 /* GeometryUtilities.m */ = {isa = PBXFileReference; fileEncoding = 4; lastKnownFileType = sourcecode.c.objc; path = GeometryUtilities.m; sourceTree = "<group>"; };
		66A434631605C81A009A97C5 /* TouchTracker.h */ = {isa = PBXFileReference; fileEncoding = 4; lastKnownFileType = sourcecode.c.h; path = TouchTracker.h; sourceTree = "<group>"; };
		66A434641605C81A009A97C5 /* TouchTracker.m */ = {isa = PBXFileReference; fileEncoding = 4; lastKnownFileType = sourcecode.c.objc; path = TouchTracker.m; sourceTree = "<group>"; };
		66AAC7B81604648400EFAB3E /* GMGridView.xcodeproj */ = {isa = PBXFileReference; lastKnownFileType = "wrapper.pb-project"; name = GMGridView.xcodeproj; path = GMGridView/GMGridView.xcodeproj; sourceTree = "<group>"; };
		66AAC7C11604683500EFAB3E /* SKStuffViewController.h */ = {isa = PBXFileReference; fileEncoding = 4; lastKnownFileType = sourcecode.c.h; path = SKStuffViewController.h; sourceTree = "<group>"; };
		66AAC7C21604683500EFAB3E /* SKStuffViewController.m */ = {isa = PBXFileReference; fileEncoding = 4; lastKnownFileType = sourcecode.c.objc; path = SKStuffViewController.m; sourceTree = "<group>"; };
		66B6ECA7160C991800B81D55 /* MapKit.framework */ = {isa = PBXFileReference; lastKnownFileType = wrapper.framework; name = MapKit.framework; path = System/Library/Frameworks/MapKit.framework; sourceTree = SDKROOT; };
		66B6ECA9160C9F6B00B81D55 /* LocationShareViewController.h */ = {isa = PBXFileReference; fileEncoding = 4; lastKnownFileType = sourcecode.c.h; path = LocationShareViewController.h; sourceTree = "<group>"; };
		66B6ECAA160C9F6B00B81D55 /* LocationShareViewController.m */ = {isa = PBXFileReference; fileEncoding = 4; lastKnownFileType = sourcecode.c.objc; path = LocationShareViewController.m; sourceTree = "<group>"; };
		66B6ECB1160CB86B00B81D55 /* bitstream.c */ = {isa = PBXFileReference; fileEncoding = 4; lastKnownFileType = sourcecode.c.c; path = bitstream.c; sourceTree = "<group>"; };
		66B6ECB2160CB86B00B81D55 /* bitstream.h */ = {isa = PBXFileReference; fileEncoding = 4; lastKnownFileType = sourcecode.c.h; path = bitstream.h; sourceTree = "<group>"; };
		66B6ECB3160CB86B00B81D55 /* mask.c */ = {isa = PBXFileReference; fileEncoding = 4; lastKnownFileType = sourcecode.c.c; path = mask.c; sourceTree = "<group>"; };
		66B6ECB4160CB86B00B81D55 /* mask.h */ = {isa = PBXFileReference; fileEncoding = 4; lastKnownFileType = sourcecode.c.h; path = mask.h; sourceTree = "<group>"; };
		66B6ECB5160CB86B00B81D55 /* qrencode.c */ = {isa = PBXFileReference; fileEncoding = 4; lastKnownFileType = sourcecode.c.c; path = qrencode.c; sourceTree = "<group>"; };
		66B6ECB6160CB86B00B81D55 /* qrencode.h */ = {isa = PBXFileReference; fileEncoding = 4; lastKnownFileType = sourcecode.c.h; path = qrencode.h; sourceTree = "<group>"; };
		66B6ECB7160CB86B00B81D55 /* qrinput.c */ = {isa = PBXFileReference; fileEncoding = 4; lastKnownFileType = sourcecode.c.c; path = qrinput.c; sourceTree = "<group>"; };
		66B6ECB8160CB86B00B81D55 /* qrinput.h */ = {isa = PBXFileReference; fileEncoding = 4; lastKnownFileType = sourcecode.c.h; path = qrinput.h; sourceTree = "<group>"; };
		66B6ECB9160CB86B00B81D55 /* qrspec.c */ = {isa = PBXFileReference; fileEncoding = 4; lastKnownFileType = sourcecode.c.c; path = qrspec.c; sourceTree = "<group>"; };
		66B6ECBA160CB86B00B81D55 /* qrspec.h */ = {isa = PBXFileReference; fileEncoding = 4; lastKnownFileType = sourcecode.c.h; path = qrspec.h; sourceTree = "<group>"; };
		66B6ECBB160CB86B00B81D55 /* rscode.c */ = {isa = PBXFileReference; fileEncoding = 4; lastKnownFileType = sourcecode.c.c; path = rscode.c; sourceTree = "<group>"; };
		66B6ECBC160CB86B00B81D55 /* rscode.h */ = {isa = PBXFileReference; fileEncoding = 4; lastKnownFileType = sourcecode.c.h; path = rscode.h; sourceTree = "<group>"; };
		66B6ECBD160CB86B00B81D55 /* split.c */ = {isa = PBXFileReference; fileEncoding = 4; lastKnownFileType = sourcecode.c.c; path = split.c; sourceTree = "<group>"; };
		66B6ECBE160CB86B00B81D55 /* split.h */ = {isa = PBXFileReference; fileEncoding = 4; lastKnownFileType = sourcecode.c.h; path = split.h; sourceTree = "<group>"; };
		66B6ECC6160CB87500B81D55 /* QRCodeGenerator.h */ = {isa = PBXFileReference; fileEncoding = 4; lastKnownFileType = sourcecode.c.h; name = QRCodeGenerator.h; path = PullTest/QRCodeGenerator.h; sourceTree = "<group>"; };
		66B6ECC7160CB87500B81D55 /* QRCodeGenerator.m */ = {isa = PBXFileReference; fileEncoding = 4; lastKnownFileType = sourcecode.c.objc; name = QRCodeGenerator.m; path = PullTest/QRCodeGenerator.m; sourceTree = "<group>"; };
		66B6ECC9160CBC4500B81D55 /* QrCodeShareViewController.h */ = {isa = PBXFileReference; fileEncoding = 4; lastKnownFileType = sourcecode.c.h; path = QrCodeShareViewController.h; sourceTree = "<group>"; };
		66B6ECCA160CBC4500B81D55 /* QrCodeShareViewController.m */ = {isa = PBXFileReference; fileEncoding = 4; lastKnownFileType = sourcecode.c.objc; path = QrCodeShareViewController.m; sourceTree = "<group>"; };
		66B6ECCC160CC11300B81D55 /* SearchLocation-01.png */ = {isa = PBXFileReference; lastKnownFileType = image.png; path = "SearchLocation-01.png"; sourceTree = "<group>"; };
		66B6ECCE160CC2B800B81D55 /* LocationSearchViewController.h */ = {isa = PBXFileReference; fileEncoding = 4; lastKnownFileType = sourcecode.c.h; path = LocationSearchViewController.h; sourceTree = "<group>"; };
		66B6ECCF160CC2B800B81D55 /* LocationSearchViewController.m */ = {isa = PBXFileReference; fileEncoding = 4; lastKnownFileType = sourcecode.c.objc; path = LocationSearchViewController.m; sourceTree = "<group>"; };
		66B6ECD1160CC76800B81D55 /* LocationSearchFilePin.h */ = {isa = PBXFileReference; fileEncoding = 4; lastKnownFileType = sourcecode.c.h; path = LocationSearchFilePin.h; sourceTree = "<group>"; };
		66B6ECD2160CC76800B81D55 /* LocationSearchFilePin.m */ = {isa = PBXFileReference; fileEncoding = 4; lastKnownFileType = sourcecode.c.objc; path = LocationSearchFilePin.m; sourceTree = "<group>"; };
		66B6ECD4160CD37600B81D55 /* app icon.png */ = {isa = PBXFileReference; lastKnownFileType = image.png; path = "app icon.png"; sourceTree = "<group>"; };
		66B6ECD6160CD39300B81D55 /* app icon.png */ = {isa = PBXFileReference; lastKnownFileType = image.png; path = "app icon.png"; sourceTree = "<group>"; };
		66B6ECD8160D731E00B81D55 /* Jpg.png */ = {isa = PBXFileReference; lastKnownFileType = image.png; path = Jpg.png; sourceTree = "<group>"; };
		66B6ECD9160D731E00B81D55 /* Reader.png */ = {isa = PBXFileReference; lastKnownFileType = image.png; path = Reader.png; sourceTree = "<group>"; };
		66B6ECDA160D731E00B81D55 /* Word.png */ = {isa = PBXFileReference; lastKnownFileType = image.png; path = Word.png; sourceTree = "<group>"; };
		66EC6B0B16246008005306FC /* FileQueueCellView.xib */ = {isa = PBXFileReference; fileEncoding = 4; lastKnownFileType = file.xib; name = FileQueueCellView.xib; path = ../FileQueueCellView.xib; sourceTree = "<group>"; };
		66EC6B1116255A46005306FC /* FileQueueTableView.xib */ = {isa = PBXFileReference; fileEncoding = 4; lastKnownFileType = file.xib; path = FileQueueTableView.xib; sourceTree = "<group>"; };
		66EC997316047DF400572EAE /* mybarbar.png */ = {isa = PBXFileReference; lastKnownFileType = image.png; path = mybarbar.png; sourceTree = "<group>"; };
		66EC997916047F1E00572EAE /* mybarbarbk.png */ = {isa = PBXFileReference; lastKnownFileType = image.png; path = mybarbarbk.png; sourceTree = "<group>"; };
		66EC997B1604806200572EAE /* Desco2.png */ = {isa = PBXFileReference; lastKnownFileType = image.png; path = Desco2.png; sourceTree = "<group>"; };
		66EC998116049B1A00572EAE /* desco_bg.jpg */ = {isa = PBXFileReference; lastKnownFileType = image.jpeg; path = desco_bg.jpg; sourceTree = "<group>"; };
		66EC99871604A5FD00572EAE /* mybarbarupbk.png */ = {isa = PBXFileReference; lastKnownFileType = image.png; path = mybarbarupbk.png; sourceTree = "<group>"; };
		66EC99891604A64800572EAE /* UpperStyledPullableView.h */ = {isa = PBXFileReference; fileEncoding = 4; lastKnownFileType = sourcecode.c.h; path = UpperStyledPullableView.h; sourceTree = "<group>"; };
		66EC998A1604A64800572EAE /* UpperStyledPullableView.m */ = {isa = PBXFileReference; fileEncoding = 4; lastKnownFileType = sourcecode.c.objc; path = UpperStyledPullableView.m; sourceTree = "<group>"; };
		66EC998C1604B82B00572EAE /* Briefcase.png */ = {isa = PBXFileReference; lastKnownFileType = image.png; path = Briefcase.png; sourceTree = "<group>"; };
		66EC998D1604B82B00572EAE /* Fevorite.png */ = {isa = PBXFileReference; lastKnownFileType = image.png; path = Fevorite.png; sourceTree = "<group>"; };
		66EC99901604C1A100572EAE /* pp.png */ = {isa = PBXFileReference; lastKnownFileType = image.png; path = pp.png; sourceTree = "<group>"; };
		66EC99921604C60700572EAE /* SKUserListViewController.h */ = {isa = PBXFileReference; fileEncoding = 4; lastKnownFileType = sourcecode.c.h; path = SKUserListViewController.h; sourceTree = "<group>"; };
		66EC99931604C60700572EAE /* SKUserListViewController.m */ = {isa = PBXFileReference; fileEncoding = 4; lastKnownFileType = sourcecode.c.objc; path = SKUserListViewController.m; sourceTree = "<group>"; };
/* End PBXFileReference section */

/* Begin PBXFrameworksBuildPhase section */
		6603888F15FC50E7007EE91B /* Frameworks */ = {
			isa = PBXFrameworksBuildPhase;
			buildActionMask = 2147483647;
			files = (
				66476EF21632A64900113797 /* libGMGridView.a in Frameworks */,
				66B6ECA8160C991800B81D55 /* MapKit.framework in Frameworks */,
				66A3F9DC160361EA002CF22B /* QuartzCore.framework in Frameworks */,
				6603889715FC50E7007EE91B /* UIKit.framework in Frameworks */,
				6603889915FC50E7007EE91B /* Foundation.framework in Frameworks */,
				6603889B15FC50E7007EE91B /* CoreGraphics.framework in Frameworks */,
			);
			runOnlyForDeploymentPostprocessing = 0;
		};
/* End PBXFrameworksBuildPhase section */

/* Begin PBXGroup section */
		50B54AF5160CFA2F00281350 /* chat */ = {
			isa = PBXGroup;
			children = (
				50B54AF6160CFA2F00281350 /* chat board_act3-1.png */,
				50B54AF7160CFA2F00281350 /* chat board_act3-2.png */,
				50B54AF8160CFA2F00281350 /* chat board_act4-1.png */,
				50B54AF9160CFA2F00281350 /* chat board_act4-2.png */,
				50B54AFA160CFA2F00281350 /* chat board_act4-3.png */,
				50B54AFB160CFA2F00281350 /* chat board_act5-1.png */,
				50B54AFC160CFA2F00281350 /* chat board_act5-2.png */,
				50B54AFD160CFA2F00281350 /* chat board_act5-3.png */,
			);
			path = chat;
			sourceTree = "<group>";
		};
		50B54B06160D1AE600281350 /* TopMenu */ = {
			isa = PBXGroup;
			children = (
				50B54B07160D1B6B00281350 /* AvatarMenuViewController.h */,
				50B54B08160D1B6B00281350 /* AvatarMenuViewController.m */,
			);
			name = TopMenu;
			sourceTree = "<group>";
		};
		6603888715FC50E7007EE91B = {
			isa = PBXGroup;
			children = (
				660D964B15FC76DE00721B31 /* Images */,
				66B6ECD6160CD39300B81D55 /* app icon.png */,
				66B6ECC6160CB87500B81D55 /* QRCodeGenerator.h */,
				66B6ECC7160CB87500B81D55 /* QRCodeGenerator.m */,
				66B6ECB0160CB86B00B81D55 /* libqrencode */,
				66B6ECA7160C991800B81D55 /* MapKit.framework */,
				6603889C15FC50E7007EE91B /* PullTest */,
				6603889515FC50E7007EE91B /* Frameworks */,
				6603889315FC50E7007EE91B /* Products */,
			);
			sourceTree = "<group>";
		};
		6603889315FC50E7007EE91B /* Products */ = {
			isa = PBXGroup;
			children = (
				6603889215FC50E7007EE91B /* Desco.app */,
			);
			name = Products;
			sourceTree = "<group>";
		};
		6603889515FC50E7007EE91B /* Frameworks */ = {
			isa = PBXGroup;
			children = (
				66476F071632B36800113797 /* RNExpandingButtonBar */,
				66AAC7B81604648400EFAB3E /* GMGridView.xcodeproj */,
				66A3F9DB160361EA002CF22B /* QuartzCore.framework */,
				6603889615FC50E7007EE91B /* UIKit.framework */,
				6603889815FC50E7007EE91B /* Foundation.framework */,
				6603889A15FC50E7007EE91B /* CoreGraphics.framework */,
			);
			name = Frameworks;
			sourceTree = "<group>";
		};
		6603889C15FC50E7007EE91B /* PullTest */ = {
			isa = PBXGroup;
			children = (
				667EF9C3160B49C2003CA809 /* MJPopup */,
				66A434601605C81A009A97C5 /* TouchTracker */,
				50B54B06160D1AE600281350 /* TopMenu */,
				66A434571605C7DD009A97C5 /* SideMenu */,
				66EC99921604C60700572EAE /* SKUserListViewController.h */,
				66EC99931604C60700572EAE /* SKUserListViewController.m */,
				660D963615FC75CF00721B31 /* NGTabBarController */,
				660388BA15FC5714007EE91B /* StyledPullableView.h */,
				660388BB15FC5715007EE91B /* StyledPullableView.m */,
				66EC99891604A64800572EAE /* UpperStyledPullableView.h */,
				66EC998A1604A64800572EAE /* UpperStyledPullableView.m */,
				660388B315FC5118007EE91B /* PullableView.h */,
				660388B415FC5118007EE91B /* PullableView.m */,
				660388A515FC50E7007EE91B /* SKAppDelegate.h */,
				660388A615FC50E7007EE91B /* SKAppDelegate.m */,
				660388A815FC50E7007EE91B /* MainStoryboard.storyboard */,
				66B6ECCE160CC2B800B81D55 /* LocationSearchViewController.h */,
				66B6ECCF160CC2B800B81D55 /* LocationSearchViewController.m */,
				66B6ECD1160CC76800B81D55 /* LocationSearchFilePin.h */,
				66B6ECD2160CC76800B81D55 /* LocationSearchFilePin.m */,
				660388AB15FC50E7007EE91B /* SKViewController.h */,
				660388AC15FC50E7007EE91B /* SKViewController.m */,
				66AAC7C11604683500EFAB3E /* SKStuffViewController.h */,
				66AAC7C21604683500EFAB3E /* SKStuffViewController.m */,
				662E62451633FD6E00F3F8E9 /* UIImage-Categories */,
				667EF9C8160B57D9003CA809 /* QuestionSendViewController.h */,
				667EF9C9160B57D9003CA809 /* QuestionSendViewController.m */,
				66B6ECA9160C9F6B00B81D55 /* LocationShareViewController.h */,
				66B6ECAA160C9F6B00B81D55 /* LocationShareViewController.m */,
				66B6ECC9160CBC4500B81D55 /* QrCodeShareViewController.h */,
				66B6ECCA160CBC4500B81D55 /* QrCodeShareViewController.m */,
				664DA151160D86A000CC507D /* FriendRequestViewController.h */,
				664DA152160D86A000CC507D /* FriendRequestViewController.m */,
				6603889D15FC50E7007EE91B /* Supporting Files */,
				662E623F1633E5C300F3F8E9 /* UIImage+SKScalableUImage.h */,
				662E62401633E5C300F3F8E9 /* UIImage+SKScalableUImage.m */,
				662E62421633F54900F3F8E9 /* UIImage+fixOrientation.h */,
				662E62431633F54900F3F8E9 /* UIImage+fixOrientation.m */,
			);
			path = PullTest;
			sourceTree = "<group>";
		};
		6603889D15FC50E7007EE91B /* Supporting Files */ = {
			isa = PBXGroup;
			children = (
				6603889E15FC50E7007EE91B /* PullTest-Info.plist */,
				6603889F15FC50E7007EE91B /* InfoPlist.strings */,
				660388A215FC50E7007EE91B /* main.m */,
				660388A415FC50E7007EE91B /* PullTest-Prefix.pch */,
			);
			name = "Supporting Files";
			sourceTree = "<group>";
		};
		660D963615FC75CF00721B31 /* NGTabBarController */ = {
			isa = PBXGroup;
			children = (
				660D963715FC75CF00721B31 /* NGTabBar.h */,
				660D963815FC75CF00721B31 /* NGTabBar.m */,
				660D963915FC75CF00721B31 /* NGTabBarController.h */,
				660D963A15FC75CF00721B31 /* NGTabBarController.m */,
				660D963B15FC75CF00721B31 /* NGTabBarControllerAnimation.h */,
				660D963C15FC75CF00721B31 /* NGTabBarControllerDelegate.h */,
				660D963D15FC75CF00721B31 /* NGTabBarItem.h */,
				660D963E15FC75CF00721B31 /* NGTabBarItem.m */,
				660D963F15FC75CF00721B31 /* NGTabBarPosition.h */,
				660D964015FC75CF00721B31 /* Prefix.pch */,
				660D964115FC75CF00721B31 /* UINavigationController+NGTabBarNavigationDelegate.h */,
				660D964215FC75CF00721B31 /* UINavigationController+NGTabBarNavigationDelegate.m */,
				660D964315FC75CF00721B31 /* UIViewController+NGTabBarItem.h */,
				660D964415FC75CF00721B31 /* UIViewController+NGTabBarItem.m */,
			);
			path = NGTabBarController;
			sourceTree = "<group>";
		};
		660D964B15FC76DE00721B31 /* Images */ = {
			isa = PBXGroup;
			children = (
				66476F101633A56C00113797 /* Metro-Photo-Blue.png */,
				66476F111633A56C00113797 /* Metro-Photo-Blue@2x.png */,
				66476F0B1632B9C100113797 /* file_toolbar_.png */,
				664173A9160DC7EA008998DE /* FileQ_content_2_act3.png */,
				664173AA160DC7EA008998DE /* FileQ_content_2_act6.png */,
				664173AB160DC7EA008998DE /* FileQ_content_2_act7.png */,
				664173AC160DC7EA008998DE /* FileQ_content_2_act9.png */,
				664DA166160D8C4C00CC507D /* app icon_144-02-02.png */,
				664DA146160D79E300CC507D /* MPG.png */,
				664DA144160D78FA00CC507D /* MKV.png */,
				50B54AF5160CFA2F00281350 /* chat */,
				66B6ECD8160D731E00B81D55 /* Jpg.png */,
				66B6ECD9160D731E00B81D55 /* Reader.png */,
				66B6ECDA160D731E00B81D55 /* Word.png */,
				664DA168160D8C5800CC507D /* app icon_144-02-02.png */,
				66B6ECD4160CD37600B81D55 /* app icon.png */,
				66B6ECCC160CC11300B81D55 /* SearchLocation-01.png */,
				667EF9C4160B4E42003CA809 /* green-ok-icon.png */,
				667EF9C5160B4E42003CA809 /* red-cross-icon.png */,
				5083264216073DC500140AA9 /* menu_file_queue_1.png */,
				5006A589160900E200151551 /* gestureLocationShare.png */,
				5006A58A160900E200151551 /* gestureQRCodeShare.png */,
				5083262E1607185500140AA9 /* user01.jpg */,
				5083262F1607185500140AA9 /* user02.jpg */,
				508326301607185500140AA9 /* user03.jpg */,
				508326311607185500140AA9 /* user04.jpg */,
				508326321607185500140AA9 /* user05.jpg */,
				508326331607185500140AA9 /* user06.jpg */,
				508326341607185500140AA9 /* user07.jpg */,
				508326351607185500140AA9 /* user08.jpg */,
				508326361607185500140AA9 /* user09.jpg */,
				508326371607185500140AA9 /* user10.jpg */,
				66A4343F1605C7C1009A97C5 /* desco_bg.png */,
				66A434401605C7C1009A97C5 /* side_file_queue.png */,
				66A434411605C7C1009A97C5 /* side_message.png */,
				503C89A3160D892500178369 /* side_message_light.png */,
				66A434421605C7C1009A97C5 /* side_settings.png */,
				66EC99901604C1A100572EAE /* pp.png */,
				66EC998C1604B82B00572EAE /* Briefcase.png */,
				66EC998D1604B82B00572EAE /* Fevorite.png */,
				66EC99871604A5FD00572EAE /* mybarbarupbk.png */,
				66EC998116049B1A00572EAE /* desco_bg.jpg */,
				66EC997B1604806200572EAE /* Desco2.png */,
				66EC997916047F1E00572EAE /* mybarbarbk.png */,
				66EC997316047DF400572EAE /* mybarbar.png */,
				66A3F9DD1603633A002CF22B /* Document.png */,
				660D965615FD90FE00721B31 /* Email */,
				660D965915FD90FE00721B31 /* EmailSelected */,
				660D964C15FC76DE00721B31 /* Comments */,
				660D964F15FC76DE00721B31 /* CommentsSelected */,
			);
			name = Images;
			path = PullTest/Images;
			sourceTree = "<group>";
		};
		660D964C15FC76DE00721B31 /* Comments */ = {
			isa = PBXGroup;
			children = (
				660D964D15FC76DE00721B31 /* Comments.png */,
				660D964E15FC76DE00721B31 /* Comments@2x.png */,
			);
			path = Comments;
			sourceTree = "<group>";
		};
		660D964F15FC76DE00721B31 /* CommentsSelected */ = {
			isa = PBXGroup;
			children = (
				660D965015FC76DE00721B31 /* CommentsSelected.png */,
				660D965115FC76DE00721B31 /* CommentsSelected@2x.png */,
			);
			path = CommentsSelected;
			sourceTree = "<group>";
		};
		660D965615FD90FE00721B31 /* Email */ = {
			isa = PBXGroup;
			children = (
				660D965715FD90FE00721B31 /* Email.png */,
				660D965815FD90FE00721B31 /* Email@2x.png */,
			);
			path = Email;
			sourceTree = "<group>";
		};
		660D965915FD90FE00721B31 /* EmailSelected */ = {
			isa = PBXGroup;
			children = (
				660D965A15FD90FE00721B31 /* EmailSelected.png */,
				660D965B15FD90FE00721B31 /* EmailSelected@2x.png */,
			);
			path = EmailSelected;
			sourceTree = "<group>";
		};
		662E62451633FD6E00F3F8E9 /* UIImage-Categories */ = {
			isa = PBXGroup;
			children = (
				662E62461633FD6F00F3F8E9 /* UIImage+Alpha.h */,
				662E62471633FD6F00F3F8E9 /* UIImage+Alpha.m */,
				662E62481633FD6F00F3F8E9 /* UIImage+Resize.h */,
				662E62491633FD6F00F3F8E9 /* UIImage+Resize.m */,
				662E624A1633FD6F00F3F8E9 /* UIImage+RoundedCorner.h */,
				662E624B1633FD6F00F3F8E9 /* UIImage+RoundedCorner.m */,
			);
			path = "UIImage-Categories";
			sourceTree = "<group>";
		};
		66476F071632B36800113797 /* RNExpandingButtonBar */ = {
			isa = PBXGroup;
			children = (
				66476F0D1632BBBB00113797 /* RNExpandingButtonBar.h */,
				66476F0E1632BBBB00113797 /* RNExpandingButtonBar.m */,
			);
			name = RNExpandingButtonBar;
			path = PullTest/RNExpandingButtonBar;
			sourceTree = "<group>";
		};
		667EF9C3160B49C2003CA809 /* MJPopup */ = {
			isa = PBXGroup;
			children = (
				667EF9BD160B4901003CA809 /* MJPopupBackgroundView.h */,
				667EF9BE160B4901003CA809 /* MJPopupBackgroundView.m */,
				667EF9BF160B4901003CA809 /* UIViewController+MJPopupViewController.h */,
				667EF9C0160B4901003CA809 /* UIViewController+MJPopupViewController.m */,
			);
			name = MJPopup;
			sourceTree = "<group>";
		};
		66A434571605C7DD009A97C5 /* SideMenu */ = {
			isa = PBXGroup;
			children = (
				66A434581605C7DD009A97C5 /* FileQueueViewController.h */,
				66A434591605C7DD009A97C5 /* FileQueueViewController.m */,
				66EC6B1116255A46005306FC /* FileQueueTableView.xib */,
				66EC6B0B16246008005306FC /* FileQueueCellView.xib */,
				509C0A16160CEE6B00FDE603 /* ChatBoardView.h */,
				509C0A17160CEE6B00FDE603 /* ChatBoardView.m */,
			);
			path = SideMenu;
			sourceTree = "<group>";
		};
		66A434601605C81A009A97C5 /* TouchTracker */ = {
			isa = PBXGroup;
			children = (
				66A434611605C81A009A97C5 /* GeometryUtilities.h */,
				66A434621605C81A009A97C5 /* GeometryUtilities.m */,
				66A434631605C81A009A97C5 /* TouchTracker.h */,
				66A434641605C81A009A97C5 /* TouchTracker.m */,
			);
			path = TouchTracker;
			sourceTree = "<group>";
		};
		66AAC7B91604648400EFAB3E /* Products */ = {
			isa = PBXGroup;
			children = (
				66AAC7C01604648400EFAB3E /* libGMGridView.a */,
			);
			name = Products;
			sourceTree = "<group>";
		};
		66B6ECB0160CB86B00B81D55 /* libqrencode */ = {
			isa = PBXGroup;
			children = (
				66B6ECB1160CB86B00B81D55 /* bitstream.c */,
				66B6ECB2160CB86B00B81D55 /* bitstream.h */,
				66B6ECB3160CB86B00B81D55 /* mask.c */,
				66B6ECB4160CB86B00B81D55 /* mask.h */,
				66B6ECB5160CB86B00B81D55 /* qrencode.c */,
				66B6ECB6160CB86B00B81D55 /* qrencode.h */,
				66B6ECB7160CB86B00B81D55 /* qrinput.c */,
				66B6ECB8160CB86B00B81D55 /* qrinput.h */,
				66B6ECB9160CB86B00B81D55 /* qrspec.c */,
				66B6ECBA160CB86B00B81D55 /* qrspec.h */,
				66B6ECBB160CB86B00B81D55 /* rscode.c */,
				66B6ECBC160CB86B00B81D55 /* rscode.h */,
				66B6ECBD160CB86B00B81D55 /* split.c */,
				66B6ECBE160CB86B00B81D55 /* split.h */,
			);
			name = libqrencode;
			path = PullTest/libqrencode;
			sourceTree = "<group>";
		};
/* End PBXGroup section */

/* Begin PBXNativeTarget section */
		6603889115FC50E7007EE91B /* PullTest */ = {
			isa = PBXNativeTarget;
			buildConfigurationList = 660388B015FC50E7007EE91B /* Build configuration list for PBXNativeTarget "PullTest" */;
			buildPhases = (
				6603888E15FC50E7007EE91B /* Sources */,
				6603888F15FC50E7007EE91B /* Frameworks */,
				6603889015FC50E7007EE91B /* Resources */,
			);
			buildRules = (
			);
			dependencies = (
				66476EF11632A64500113797 /* PBXTargetDependency */,
			);
			name = PullTest;
			productName = PullTest;
			productReference = 6603889215FC50E7007EE91B /* Desco.app */;
			productType = "com.apple.product-type.application";
		};
/* End PBXNativeTarget section */

/* Begin PBXProject section */
		6603888915FC50E7007EE91B /* Project object */ = {
			isa = PBXProject;
			attributes = {
				CLASSPREFIX = SK;
				LastUpgradeCheck = 0440;
				ORGANIZATIONNAME = "Sam Ku";
			};
			buildConfigurationList = 6603888C15FC50E7007EE91B /* Build configuration list for PBXProject "PullTest" */;
			compatibilityVersion = "Xcode 3.2";
			developmentRegion = English;
			hasScannedForEncodings = 0;
			knownRegions = (
				en,
			);
			mainGroup = 6603888715FC50E7007EE91B;
			productRefGroup = 6603889315FC50E7007EE91B /* Products */;
			projectDirPath = "";
			projectReferences = (
				{
					ProductGroup = 66AAC7B91604648400EFAB3E /* Products */;
					ProjectRef = 66AAC7B81604648400EFAB3E /* GMGridView.xcodeproj */;
				},
			);
			projectRoot = "";
			targets = (
				6603889115FC50E7007EE91B /* PullTest */,
			);
		};
/* End PBXProject section */

/* Begin PBXReferenceProxy section */
		66AAC7C01604648400EFAB3E /* libGMGridView.a */ = {
			isa = PBXReferenceProxy;
			fileType = archive.ar;
			path = libGMGridView.a;
			remoteRef = 66AAC7BF1604648400EFAB3E /* PBXContainerItemProxy */;
			sourceTree = BUILT_PRODUCTS_DIR;
		};
/* End PBXReferenceProxy section */

/* Begin PBXResourcesBuildPhase section */
		6603889015FC50E7007EE91B /* Resources */ = {
			isa = PBXResourcesBuildPhase;
			buildActionMask = 2147483647;
			files = (
				660388A115FC50E7007EE91B /* InfoPlist.strings in Resources */,
				660388AA15FC50E7007EE91B /* MainStoryboard.storyboard in Resources */,
				660D965215FC76DE00721B31 /* Comments.png in Resources */,
				660D965315FC76DE00721B31 /* Comments@2x.png in Resources */,
				660D965415FC76DE00721B31 /* CommentsSelected.png in Resources */,
				660D965515FC76DE00721B31 /* CommentsSelected@2x.png in Resources */,
				660D965C15FD90FE00721B31 /* Email.png in Resources */,
				660D965D15FD90FE00721B31 /* Email@2x.png in Resources */,
				660D965E15FD90FE00721B31 /* EmailSelected.png in Resources */,
				660D965F15FD90FE00721B31 /* EmailSelected@2x.png in Resources */,
				66A3F9DE1603633A002CF22B /* Document.png in Resources */,
				66EC997416047DF400572EAE /* mybarbar.png in Resources */,
				66EC997A16047F1E00572EAE /* mybarbarbk.png in Resources */,
				66EC997C1604806200572EAE /* Desco2.png in Resources */,
				66EC998216049B1A00572EAE /* desco_bg.jpg in Resources */,
				66EC99881604A5FD00572EAE /* mybarbarupbk.png in Resources */,
				66EC998E1604B82B00572EAE /* Briefcase.png in Resources */,
				66EC998F1604B82B00572EAE /* Fevorite.png in Resources */,
				66EC99911604C1A100572EAE /* pp.png in Resources */,
				66A434441605C7C1009A97C5 /* desco_bg.png in Resources */,
				66A434451605C7C1009A97C5 /* side_file_queue.png in Resources */,
				66A434461605C7C1009A97C5 /* side_message.png in Resources */,
				66A434471605C7C1009A97C5 /* side_settings.png in Resources */,
				508326381607185500140AA9 /* user01.jpg in Resources */,
				508326391607185500140AA9 /* user02.jpg in Resources */,
				5083263A1607185500140AA9 /* user03.jpg in Resources */,
				5083263B1607185500140AA9 /* user04.jpg in Resources */,
				5083263C1607185500140AA9 /* user05.jpg in Resources */,
				5083263D1607185500140AA9 /* user06.jpg in Resources */,
				5083263E1607185500140AA9 /* user07.jpg in Resources */,
				5083263F1607185500140AA9 /* user08.jpg in Resources */,
				508326401607185500140AA9 /* user09.jpg in Resources */,
				508326411607185500140AA9 /* user10.jpg in Resources */,
				5083264316073DC500140AA9 /* menu_file_queue_1.png in Resources */,
				5006A58B160900E200151551 /* gestureLocationShare.png in Resources */,
				5006A58C160900E200151551 /* gestureQRCodeShare.png in Resources */,
				667EF9C6160B4E42003CA809 /* green-ok-icon.png in Resources */,
				667EF9C7160B4E42003CA809 /* red-cross-icon.png in Resources */,
				66B6ECCD160CC11300B81D55 /* SearchLocation-01.png in Resources */,
				66B6ECD5160CD37600B81D55 /* app icon.png in Resources */,
				66B6ECD7160CD39300B81D55 /* app icon.png in Resources */,
				50B54AFE160CFA2F00281350 /* chat board_act3-1.png in Resources */,
				50B54AFF160CFA2F00281350 /* chat board_act3-2.png in Resources */,
				50B54B00160CFA2F00281350 /* chat board_act4-1.png in Resources */,
				50B54B01160CFA2F00281350 /* chat board_act4-2.png in Resources */,
				50B54B02160CFA2F00281350 /* chat board_act4-3.png in Resources */,
				50B54B03160CFA2F00281350 /* chat board_act5-1.png in Resources */,
				50B54B04160CFA2F00281350 /* chat board_act5-2.png in Resources */,
				50B54B05160CFA2F00281350 /* chat board_act5-3.png in Resources */,
				66B6ECDB160D731E00B81D55 /* Jpg.png in Resources */,
				66B6ECDC160D731E00B81D55 /* Reader.png in Resources */,
				66B6ECDD160D731E00B81D55 /* Word.png in Resources */,
				664DA145160D78FA00CC507D /* MKV.png in Resources */,
				664DA147160D79E300CC507D /* MPG.png in Resources */,
				503C89A4160D892500178369 /* side_message_light.png in Resources */,
				664DA167160D8C4C00CC507D /* app icon_144-02-02.png in Resources */,
				664DA169160D8C5800CC507D /* app icon_144-02-02.png in Resources */,
				664173AD160DC7EA008998DE /* FileQ_content_2_act3.png in Resources */,
				664173AE160DC7EA008998DE /* FileQ_content_2_act6.png in Resources */,
				664173AF160DC7EA008998DE /* FileQ_content_2_act7.png in Resources */,
				664173B0160DC7EA008998DE /* FileQ_content_2_act9.png in Resources */,
				66EC6B0C16246008005306FC /* FileQueueCellView.xib in Resources */,
				66EC6B1216255A46005306FC /* FileQueueTableView.xib in Resources */,
				66476F0C1632B9C100113797 /* file_toolbar_.png in Resources */,
				66476F121633A56C00113797 /* Metro-Photo-Blue.png in Resources */,
				66476F131633A56C00113797 /* Metro-Photo-Blue@2x.png in Resources */,
			);
			runOnlyForDeploymentPostprocessing = 0;
		};
/* End PBXResourcesBuildPhase section */

/* Begin PBXSourcesBuildPhase section */
		6603888E15FC50E7007EE91B /* Sources */ = {
			isa = PBXSourcesBuildPhase;
			buildActionMask = 2147483647;
			files = (
				660388A315FC50E7007EE91B /* main.m in Sources */,
				660388A715FC50E7007EE91B /* SKAppDelegate.m in Sources */,
				660388AD15FC50E7007EE91B /* SKViewController.m in Sources */,
				660388B515FC5118007EE91B /* PullableView.m in Sources */,
				660388BC15FC5715007EE91B /* StyledPullableView.m in Sources */,
				660D964515FC75CF00721B31 /* NGTabBar.m in Sources */,
				660D964615FC75CF00721B31 /* NGTabBarController.m in Sources */,
				660D964715FC75CF00721B31 /* NGTabBarItem.m in Sources */,
				660D964815FC75CF00721B31 /* UINavigationController+NGTabBarNavigationDelegate.m in Sources */,
				660D964915FC75CF00721B31 /* UIViewController+NGTabBarItem.m in Sources */,
				66AAC7C31604683500EFAB3E /* SKStuffViewController.m in Sources */,
				66EC998B1604A64800572EAE /* UpperStyledPullableView.m in Sources */,
				66EC99941604C60700572EAE /* SKUserListViewController.m in Sources */,
				66A4345F1605C7DD009A97C5 /* FileQueueViewController.m in Sources */,
				66A434651605C81A009A97C5 /* GeometryUtilities.m in Sources */,
				66A434661605C81A009A97C5 /* TouchTracker.m in Sources */,
				667EF9C1160B4901003CA809 /* MJPopupBackgroundView.m in Sources */,
				667EF9C2160B4901003CA809 /* UIViewController+MJPopupViewController.m in Sources */,
				667EF9CA160B57D9003CA809 /* QuestionSendViewController.m in Sources */,
				66B6ECAB160C9F6B00B81D55 /* LocationShareViewController.m in Sources */,
				66B6ECBF160CB86B00B81D55 /* bitstream.c in Sources */,
				66B6ECC0160CB86B00B81D55 /* mask.c in Sources */,
				66B6ECC1160CB86B00B81D55 /* qrencode.c in Sources */,
				66B6ECC2160CB86B00B81D55 /* qrinput.c in Sources */,
				66B6ECC3160CB86B00B81D55 /* qrspec.c in Sources */,
				66B6ECC4160CB86B00B81D55 /* rscode.c in Sources */,
				66B6ECC5160CB86B00B81D55 /* split.c in Sources */,
				66B6ECC8160CB87500B81D55 /* QRCodeGenerator.m in Sources */,
				66B6ECCB160CBC4500B81D55 /* QrCodeShareViewController.m in Sources */,
				66B6ECD0160CC2B800B81D55 /* LocationSearchViewController.m in Sources */,
				66B6ECD3160CC76800B81D55 /* LocationSearchFilePin.m in Sources */,
				509C0A18160CEE6B00FDE603 /* ChatBoardView.m in Sources */,
				50B54B09160D1B6B00281350 /* AvatarMenuViewController.m in Sources */,
				664DA153160D86A000CC507D /* FriendRequestViewController.m in Sources */,
				66476F0F1632BBBB00113797 /* RNExpandingButtonBar.m in Sources */,
				662E62411633E5C300F3F8E9 /* UIImage+SKScalableUImage.m in Sources */,
				662E62441633F54900F3F8E9 /* UIImage+fixOrientation.m in Sources */,
				662E624C1633FD6F00F3F8E9 /* UIImage+Alpha.m in Sources */,
				662E624D1633FD6F00F3F8E9 /* UIImage+Resize.m in Sources */,
				662E624E1633FD6F00F3F8E9 /* UIImage+RoundedCorner.m in Sources */,
			);
			runOnlyForDeploymentPostprocessing = 0;
		};
/* End PBXSourcesBuildPhase section */

/* Begin PBXTargetDependency section */
		66476EF11632A64500113797 /* PBXTargetDependency */ = {
			isa = PBXTargetDependency;
			name = GMGridView;
			targetProxy = 66476EF01632A64500113797 /* PBXContainerItemProxy */;
		};
/* End PBXTargetDependency section */

/* Begin PBXVariantGroup section */
		6603889F15FC50E7007EE91B /* InfoPlist.strings */ = {
			isa = PBXVariantGroup;
			children = (
				660388A015FC50E7007EE91B /* en */,
			);
			name = InfoPlist.strings;
			sourceTree = "<group>";
		};
		660388A815FC50E7007EE91B /* MainStoryboard.storyboard */ = {
			isa = PBXVariantGroup;
			children = (
				660388A915FC50E7007EE91B /* en */,
			);
			name = MainStoryboard.storyboard;
			sourceTree = "<group>";
		};
/* End PBXVariantGroup section */

/* Begin XCBuildConfiguration section */
		660388AE15FC50E7007EE91B /* Debug */ = {
			isa = XCBuildConfiguration;
			buildSettings = {
				ALWAYS_SEARCH_USER_PATHS = NO;
				ARCHS = "$(ARCHS_STANDARD_32_BIT)";
				CLANG_CXX_LANGUAGE_STANDARD = "gnu++0x";
				CLANG_ENABLE_OBJC_ARC = YES;
				CLANG_WARN__DUPLICATE_METHOD_MATCH = YES;
				CODE_SIGN_IDENTITY = "iPhone Developer: Sam Ku (VJ3D39P4VX)";
				"CODE_SIGN_IDENTITY[sdk=iphoneos*]" = "iPhone Developer";
				COPY_PHASE_STRIP = NO;
				GCC_C_LANGUAGE_STANDARD = gnu99;
				GCC_DYNAMIC_NO_PIC = NO;
				GCC_OPTIMIZATION_LEVEL = 0;
				GCC_PREPROCESSOR_DEFINITIONS = (
					"DEBUG=1",
					"$(inherited)",
				);
				GCC_SYMBOLS_PRIVATE_EXTERN = NO;
				GCC_VERSION = com.apple.compilers.llvm.clang.1_0;
				GCC_WARN_ABOUT_RETURN_TYPE = YES;
				GCC_WARN_UNINITIALIZED_AUTOS = YES;
				GCC_WARN_UNUSED_VARIABLE = YES;
				IPHONEOS_DEPLOYMENT_TARGET = 5.1;
				PROVISIONING_PROFILE = "506FB50F-8764-4DC1-BAF7-E133FA9326C0";
				SDKROOT = iphoneos;
				TARGETED_DEVICE_FAMILY = 2;
			};
			name = Debug;
		};
		660388AF15FC50E7007EE91B /* Release */ = {
			isa = XCBuildConfiguration;
			buildSettings = {
				ALWAYS_SEARCH_USER_PATHS = NO;
				ARCHS = "$(ARCHS_STANDARD_32_BIT)";
				CLANG_CXX_LANGUAGE_STANDARD = "gnu++0x";
				CLANG_ENABLE_OBJC_ARC = YES;
				CLANG_WARN__DUPLICATE_METHOD_MATCH = YES;
				CODE_SIGN_IDENTITY = "iPhone Developer: Sam Ku (VJ3D39P4VX)";
				"CODE_SIGN_IDENTITY[sdk=iphoneos*]" = "iPhone Developer";
				COPY_PHASE_STRIP = YES;
				GCC_C_LANGUAGE_STANDARD = gnu99;
				GCC_VERSION = com.apple.compilers.llvm.clang.1_0;
				GCC_WARN_ABOUT_RETURN_TYPE = YES;
				GCC_WARN_UNINITIALIZED_AUTOS = YES;
				GCC_WARN_UNUSED_VARIABLE = YES;
				IPHONEOS_DEPLOYMENT_TARGET = 5.1;
				OTHER_CFLAGS = "-DNS_BLOCK_ASSERTIONS=1";
				PROVISIONING_PROFILE = "506FB50F-8764-4DC1-BAF7-E133FA9326C0";
				SDKROOT = iphoneos;
				TARGETED_DEVICE_FAMILY = 2;
				VALIDATE_PRODUCT = YES;
			};
			name = Release;
		};
		660388B115FC50E7007EE91B /* Debug */ = {
			isa = XCBuildConfiguration;
			buildSettings = {
				CLANG_ENABLE_OBJC_ARC = YES;
				CODE_SIGN_IDENTITY = "iPhone Developer: Sam Ku (VJ3D39P4VX)";
				"CODE_SIGN_IDENTITY[sdk=iphoneos*]" = "iPhone Developer: Sam Ku (VJ3D39P4VX)";
				GCC_PRECOMPILE_PREFIX_HEADER = YES;
				GCC_PREFIX_HEADER = "PullTest/PullTest-Prefix.pch";
				HEADER_SEARCH_PATHS = "GMGridView/**";
				INFOPLIST_FILE = "PullTest/PullTest-Info.plist";
				OTHER_LDFLAGS = "-ObjC";
				PRODUCT_NAME = Desco;
				PROVISIONING_PROFILE = "506FB50F-8764-4DC1-BAF7-E133FA9326C0";
				"PROVISIONING_PROFILE[sdk=iphoneos*]" = "506FB50F-8764-4DC1-BAF7-E133FA9326C0";
				USER_HEADER_SEARCH_PATHS = "";
				WRAPPER_EXTENSION = app;
			};
			name = Debug;
		};
		660388B215FC50E7007EE91B /* Release */ = {
			isa = XCBuildConfiguration;
			buildSettings = {
				CLANG_ENABLE_OBJC_ARC = YES;
				CODE_SIGN_IDENTITY = "iPhone Developer: Sam Ku (VJ3D39P4VX)";
				"CODE_SIGN_IDENTITY[sdk=iphoneos*]" = "iPhone Developer: Sam Ku (VJ3D39P4VX)";
				GCC_PRECOMPILE_PREFIX_HEADER = YES;
				GCC_PREFIX_HEADER = "PullTest/PullTest-Prefix.pch";
				HEADER_SEARCH_PATHS = "GMGridView/**";
				INFOPLIST_FILE = "PullTest/PullTest-Info.plist";
				OTHER_LDFLAGS = "-ObjC";
				PRODUCT_NAME = Desco;
				PROVISIONING_PROFILE = "506FB50F-8764-4DC1-BAF7-E133FA9326C0";
				"PROVISIONING_PROFILE[sdk=iphoneos*]" = "506FB50F-8764-4DC1-BAF7-E133FA9326C0";
				USER_HEADER_SEARCH_PATHS = "";
				WRAPPER_EXTENSION = app;
			};
			name = Release;
		};
/* End XCBuildConfiguration section */

/* Begin XCConfigurationList section */
		6603888C15FC50E7007EE91B /* Build configuration list for PBXProject "PullTest" */ = {
			isa = XCConfigurationList;
			buildConfigurations = (
				660388AE15FC50E7007EE91B /* Debug */,
				660388AF15FC50E7007EE91B /* Release */,
			);
			defaultConfigurationIsVisible = 0;
			defaultConfigurationName = Release;
		};
		660388B015FC50E7007EE91B /* Build configuration list for PBXNativeTarget "PullTest" */ = {
			isa = XCConfigurationList;
			buildConfigurations = (
				660388B115FC50E7007EE91B /* Debug */,
				660388B215FC50E7007EE91B /* Release */,
			);
			defaultConfigurationIsVisible = 0;
			defaultConfigurationName = Release;
		};
/* End XCConfigurationList section */
	};
	rootObject = 6603888915FC50E7007EE91B /* Project object */;
}
